
Microsoft Visual Studio Solution File, Format Version 12.00
# Visual Studio Version 16
VisualStudioVersion = 16.0.31229.75
MinimumVisualStudioVersion = 10.0.40219.1
Project("{9A19103F-16F7-4668-BE54-9A1E7A4F7556}") = "Fundraising.App.Core", "Fundraising.App.Core\Fundraising.App.Core.csproj", "{C06AFA17-DA28-478E-97C6-267C153ED2B8}"
EndProject
Project("{FAE04EC0-301F-11D3-BF4B-00C04F79EFBC}") = "Fundraising.App.Web", "Fundraising.App.Web\Fundraising.App.Web.csproj", "{4487D8B7-3878-45CC-B43A-83CF48293A48}"
EndProject
Global
	GlobalSection(SolutionConfigurationPlatforms) = preSolution
		Debug|Any CPU = Debug|Any CPU
		Release|Any CPU = Release|Any CPU
	EndGlobalSection
	GlobalSection(ProjectConfigurationPlatforms) = postSolution
		{C06AFA17-DA28-478E-97C6-267C153ED2B8}.Debug|Any CPU.ActiveCfg = Debug|Any CPU
		{C06AFA17-DA28-478E-97C6-267C153ED2B8}.Debug|Any CPU.Build.0 = Debug|Any CPU
		{C06AFA17-DA28-478E-97C6-267C153ED2B8}.Release|Any CPU.ActiveCfg = Release|Any CPU
		{C06AFA17-DA28-478E-97C6-267C153ED2B8}.Release|Any CPU.Build.0 = Release|Any CPU
		{4487D8B7-3878-45CC-B43A-83CF48293A48}.Debug|Any CPU.ActiveCfg = Debug|Any CPU
		{4487D8B7-3878-45CC-B43A-83CF48293A48}.Debug|Any CPU.Build.0 = Debug|Any CPU
		{4487D8B7-3878-45CC-B43A-83CF48293A48}.Release|Any CPU.ActiveCfg = Release|Any CPU
		{4487D8B7-3878-45CC-B43A-83CF48293A48}.Release|Any CPU.Build.0 = Release|Any CPU
	EndGlobalSection
	GlobalSection(SolutionProperties) = preSolution
		HideSolutionNode = FALSE
	EndGlobalSection
	GlobalSection(ExtensibilityGlobals) = postSolution
		SolutionGuid = {E484EE25-97BE-4736-AE14-D231AB40C658}
	EndGlobalSection
EndGlobal
